// !$*UTF8*$!
{
	archiveVersion = 1;
	classes = {
	};
	objectVersion = 55;
	objects = {

/* Begin PBXBuildFile section */
		DAB0575028A6EDAA00EF7A3A /* JuiceMakerApp.swift in Sources */ = {isa = PBXBuildFile; fileRef = DAB0574F28A6EDAA00EF7A3A /* JuiceMakerApp.swift */; };
		DAB0575228A6EDAA00EF7A3A /* ContentView.swift in Sources */ = {isa = PBXBuildFile; fileRef = DAB0575128A6EDAA00EF7A3A /* ContentView.swift */; };
		DAB0575428A6EDAD00EF7A3A /* Assets.xcassets in Resources */ = {isa = PBXBuildFile; fileRef = DAB0575328A6EDAD00EF7A3A /* Assets.xcassets */; };
		DAB0575728A6EDAD00EF7A3A /* Preview Assets.xcassets in Resources */ = {isa = PBXBuildFile; fileRef = DAB0575628A6EDAD00EF7A3A /* Preview Assets.xcassets */; };
		DAB0576128A6EDAD00EF7A3A /* JuiceMakerTests.swift in Sources */ = {isa = PBXBuildFile; fileRef = DAB0576028A6EDAD00EF7A3A /* JuiceMakerTests.swift */; };
		DAB0577B28A6F26500EF7A3A /* Fruit.swift in Sources */ = {isa = PBXBuildFile; fileRef = DAB0577A28A6F26500EF7A3A /* Fruit.swift */; };
		DAB0577D28A6F39A00EF7A3A /* Juice.swift in Sources */ = {isa = PBXBuildFile; fileRef = DAB0577C28A6F39A00EF7A3A /* Juice.swift */; };
		DAB0577F28A6F5EF00EF7A3A /* Recipe.swift in Sources */ = {isa = PBXBuildFile; fileRef = DAB0577E28A6F5EF00EF7A3A /* Recipe.swift */; };
		DAB0578128A6F76900EF7A3A /* JuiceMaker.swift in Sources */ = {isa = PBXBuildFile; fileRef = DAB0578028A6F76900EF7A3A /* JuiceMaker.swift */; };
		DAB0578328A705CB00EF7A3A /* CustomButtonStyle.swift in Sources */ = {isa = PBXBuildFile; fileRef = DAB0578228A705CA00EF7A3A /* CustomButtonStyle.swift */; };
		DAB0578528A7066A00EF7A3A /* StorageView.swift in Sources */ = {isa = PBXBuildFile; fileRef = DAB0578428A7066A00EF7A3A /* StorageView.swift */; };
		DAB0578728A7071A00EF7A3A /* StorageViewModel.swift in Sources */ = {isa = PBXBuildFile; fileRef = DAB0578628A7071A00EF7A3A /* StorageViewModel.swift */; };
		DAB0578B28A82DB100EF7A3A /* BMJUA_otf.otf in Resources */ = {isa = PBXBuildFile; fileRef = DAB0578A28A82DA100EF7A3A /* BMJUA_otf.otf */; };
		DAB0578C28A82DB300EF7A3A /* TossFaceFontMac.ttf in Resources */ = {isa = PBXBuildFile; fileRef = DAB0578828A82CAB00EF7A3A /* TossFaceFontMac.ttf */; };
/* End PBXBuildFile section */

/* Begin PBXContainerItemProxy section */
		DAB0575D28A6EDAD00EF7A3A /* PBXContainerItemProxy */ = {
			isa = PBXContainerItemProxy;
			containerPortal = DAB0574428A6EDAA00EF7A3A /* Project object */;
			proxyType = 1;
			remoteGlobalIDString = DAB0574B28A6EDAA00EF7A3A;
			remoteInfo = JuiceMaker;
		};
		DAB0576728A6EDAD00EF7A3A /* PBXContainerItemProxy */ = {
			isa = PBXContainerItemProxy;
			containerPortal = DAB0574428A6EDAA00EF7A3A /* Project object */;
			proxyType = 1;
			remoteGlobalIDString = DAB0574B28A6EDAA00EF7A3A;
			remoteInfo = JuiceMaker;
		};
/* End PBXContainerItemProxy section */

/* Begin PBXFileReference section */
		DAB0574C28A6EDAA00EF7A3A /* JuiceMaker.app */ = {isa = PBXFileReference; explicitFileType = wrapper.application; includeInIndex = 0; path = JuiceMaker.app; sourceTree = BUILT_PRODUCTS_DIR; };
		DAB0574F28A6EDAA00EF7A3A /* JuiceMakerApp.swift */ = {isa = PBXFileReference; lastKnownFileType = sourcecode.swift; path = JuiceMakerApp.swift; sourceTree = "<group>"; };
		DAB0575128A6EDAA00EF7A3A /* ContentView.swift */ = {isa = PBXFileReference; lastKnownFileType = sourcecode.swift; path = ContentView.swift; sourceTree = "<group>"; };
		DAB0575328A6EDAD00EF7A3A /* Assets.xcassets */ = {isa = PBXFileReference; lastKnownFileType = folder.assetcatalog; path = Assets.xcassets; sourceTree = "<group>"; };
		DAB0575628A6EDAD00EF7A3A /* Preview Assets.xcassets */ = {isa = PBXFileReference; lastKnownFileType = folder.assetcatalog; path = "Preview Assets.xcassets"; sourceTree = "<group>"; };
		DAB0575C28A6EDAD00EF7A3A /* JuiceMakerTests.xctest */ = {isa = PBXFileReference; explicitFileType = wrapper.cfbundle; includeInIndex = 0; path = JuiceMakerTests.xctest; sourceTree = BUILT_PRODUCTS_DIR; };
		DAB0576028A6EDAD00EF7A3A /* JuiceMakerTests.swift */ = {isa = PBXFileReference; lastKnownFileType = sourcecode.swift; path = JuiceMakerTests.swift; sourceTree = "<group>"; };
		DAB0576628A6EDAD00EF7A3A /* JuiceMakerUITests.xctest */ = {isa = PBXFileReference; explicitFileType = wrapper.cfbundle; includeInIndex = 0; path = JuiceMakerUITests.xctest; sourceTree = BUILT_PRODUCTS_DIR; };
		DAB0577A28A6F26500EF7A3A /* Fruit.swift */ = {isa = PBXFileReference; lastKnownFileType = sourcecode.swift; path = Fruit.swift; sourceTree = "<group>"; };
		DAB0577C28A6F39A00EF7A3A /* Juice.swift */ = {isa = PBXFileReference; lastKnownFileType = sourcecode.swift; path = Juice.swift; sourceTree = "<group>"; };
		DAB0577E28A6F5EF00EF7A3A /* Recipe.swift */ = {isa = PBXFileReference; lastKnownFileType = sourcecode.swift; path = Recipe.swift; sourceTree = "<group>"; };
		DAB0578028A6F76900EF7A3A /* JuiceMaker.swift */ = {isa = PBXFileReference; lastKnownFileType = sourcecode.swift; path = JuiceMaker.swift; sourceTree = "<group>"; };
		DAB0578228A705CA00EF7A3A /* CustomButtonStyle.swift */ = {isa = PBXFileReference; lastKnownFileType = sourcecode.swift; path = CustomButtonStyle.swift; sourceTree = "<group>"; };
		DAB0578428A7066A00EF7A3A /* StorageView.swift */ = {isa = PBXFileReference; lastKnownFileType = sourcecode.swift; path = StorageView.swift; sourceTree = "<group>"; };
		DAB0578628A7071A00EF7A3A /* StorageViewModel.swift */ = {isa = PBXFileReference; lastKnownFileType = sourcecode.swift; path = StorageViewModel.swift; sourceTree = "<group>"; };
		DAB0578828A82CAB00EF7A3A /* TossFaceFontMac.ttf */ = {isa = PBXFileReference; lastKnownFileType = file; path = TossFaceFontMac.ttf; sourceTree = "<group>"; };
		DAB0578A28A82DA100EF7A3A /* BMJUA_otf.otf */ = {isa = PBXFileReference; lastKnownFileType = file; path = BMJUA_otf.otf; sourceTree = "<group>"; };
/* End PBXFileReference section */

/* Begin PBXFrameworksBuildPhase section */
		DAB0574928A6EDAA00EF7A3A /* Frameworks */ = {
			isa = PBXFrameworksBuildPhase;
			buildActionMask = 2147483647;
			files = (
			);
			runOnlyForDeploymentPostprocessing = 0;
		};
		DAB0575928A6EDAD00EF7A3A /* Frameworks */ = {
			isa = PBXFrameworksBuildPhase;
			buildActionMask = 2147483647;
			files = (
			);
			runOnlyForDeploymentPostprocessing = 0;
		};
		DAB0576328A6EDAD00EF7A3A /* Frameworks */ = {
			isa = PBXFrameworksBuildPhase;
			buildActionMask = 2147483647;
			files = (
			);
			runOnlyForDeploymentPostprocessing = 0;
		};
/* End PBXFrameworksBuildPhase section */

/* Begin PBXGroup section */
		DAB0574328A6EDAA00EF7A3A = {
			isa = PBXGroup;
			children = (
				DAB0574E28A6EDAA00EF7A3A /* JuiceMaker */,
				DAB0575F28A6EDAD00EF7A3A /* JuiceMakerTests */,
				DAB0574D28A6EDAA00EF7A3A /* Products */,
			);
			sourceTree = "<group>";
		};
		DAB0574D28A6EDAA00EF7A3A /* Products */ = {
			isa = PBXGroup;
			children = (
				DAB0574C28A6EDAA00EF7A3A /* JuiceMaker.app */,
				DAB0575C28A6EDAD00EF7A3A /* JuiceMakerTests.xctest */,
				DAB0576628A6EDAD00EF7A3A /* JuiceMakerUITests.xctest */,
			);
			name = Products;
			sourceTree = "<group>";
		};
		DAB0574E28A6EDAA00EF7A3A /* JuiceMaker */ = {
			isa = PBXGroup;
			children = (
				DAB0574F28A6EDAA00EF7A3A /* JuiceMakerApp.swift */,
				DAB0575128A6EDAA00EF7A3A /* ContentView.swift */,
				DAB0578428A7066A00EF7A3A /* StorageView.swift */,
				DAB0578628A7071A00EF7A3A /* StorageViewModel.swift */,
				DAB0578228A705CA00EF7A3A /* CustomButtonStyle.swift */,
				DAB0577928A6F14100EF7A3A /* Model */,
				DAB0575328A6EDAD00EF7A3A /* Assets.xcassets */,
				DAB0578928A82CE100EF7A3A /* Font */,
				DAB0575528A6EDAD00EF7A3A /* Preview Content */,
			);
			path = JuiceMaker;
			sourceTree = "<group>";
		};
		DAB0575528A6EDAD00EF7A3A /* Preview Content */ = {
			isa = PBXGroup;
			children = (
				DAB0575628A6EDAD00EF7A3A /* Preview Assets.xcassets */,
			);
			path = "Preview Content";
			sourceTree = "<group>";
		};
		DAB0575F28A6EDAD00EF7A3A /* JuiceMakerTests */ = {
			isa = PBXGroup;
			children = (
				DAB0576028A6EDAD00EF7A3A /* JuiceMakerTests.swift */,
			);
			path = JuiceMakerTests;
			sourceTree = "<group>";
		};
		DAB0577928A6F14100EF7A3A /* Model */ = {
			isa = PBXGroup;
			children = (
				DAB0577A28A6F26500EF7A3A /* Fruit.swift */,
				DAB0578028A6F76900EF7A3A /* JuiceMaker.swift */,
				DAB0577C28A6F39A00EF7A3A /* Juice.swift */,
				DAB0577E28A6F5EF00EF7A3A /* Recipe.swift */,
			);
			path = Model;
			sourceTree = "<group>";
		};
		DAB0578928A82CE100EF7A3A /* Font */ = {
			isa = PBXGroup;
			children = (
				DAB0578A28A82DA100EF7A3A /* BMJUA_otf.otf */,
				DAB0578828A82CAB00EF7A3A /* TossFaceFontMac.ttf */,
			);
			path = Font;
			sourceTree = "<group>";
		};
/* End PBXGroup section */

/* Begin PBXNativeTarget section */
		DAB0574B28A6EDAA00EF7A3A /* JuiceMaker */ = {
			isa = PBXNativeTarget;
			buildConfigurationList = DAB0577028A6EDAD00EF7A3A /* Build configuration list for PBXNativeTarget "JuiceMaker" */;
			buildPhases = (
				DAB0574828A6EDAA00EF7A3A /* Sources */,
				DAB0574928A6EDAA00EF7A3A /* Frameworks */,
				DAB0574A28A6EDAA00EF7A3A /* Resources */,
			);
			buildRules = (
			);
			dependencies = (
			);
			name = JuiceMaker;
			productName = JuiceMaker;
			productReference = DAB0574C28A6EDAA00EF7A3A /* JuiceMaker.app */;
			productType = "com.apple.product-type.application";
		};
		DAB0575B28A6EDAD00EF7A3A /* JuiceMakerTests */ = {
			isa = PBXNativeTarget;
			buildConfigurationList = DAB0577328A6EDAD00EF7A3A /* Build configuration list for PBXNativeTarget "JuiceMakerTests" */;
			buildPhases = (
				DAB0575828A6EDAD00EF7A3A /* Sources */,
				DAB0575928A6EDAD00EF7A3A /* Frameworks */,
				DAB0575A28A6EDAD00EF7A3A /* Resources */,
			);
			buildRules = (
			);
			dependencies = (
				DAB0575E28A6EDAD00EF7A3A /* PBXTargetDependency */,
			);
			name = JuiceMakerTests;
			productName = JuiceMakerTests;
			productReference = DAB0575C28A6EDAD00EF7A3A /* JuiceMakerTests.xctest */;
			productType = "com.apple.product-type.bundle.unit-test";
		};
		DAB0576528A6EDAD00EF7A3A /* JuiceMakerUITests */ = {
			isa = PBXNativeTarget;
			buildConfigurationList = DAB0577628A6EDAD00EF7A3A /* Build configuration list for PBXNativeTarget "JuiceMakerUITests" */;
			buildPhases = (
				DAB0576228A6EDAD00EF7A3A /* Sources */,
				DAB0576328A6EDAD00EF7A3A /* Frameworks */,
				DAB0576428A6EDAD00EF7A3A /* Resources */,
			);
			buildRules = (
			);
			dependencies = (
				DAB0576828A6EDAD00EF7A3A /* PBXTargetDependency */,
			);
			name = JuiceMakerUITests;
			productName = JuiceMakerUITests;
			productReference = DAB0576628A6EDAD00EF7A3A /* JuiceMakerUITests.xctest */;
			productType = "com.apple.product-type.bundle.ui-testing";
		};
/* End PBXNativeTarget section */

/* Begin PBXProject section */
		DAB0574428A6EDAA00EF7A3A /* Project object */ = {
			isa = PBXProject;
			attributes = {
				BuildIndependentTargetsInParallel = 1;
				LastSwiftUpdateCheck = 1340;
				LastUpgradeCheck = 1340;
				TargetAttributes = {
					DAB0574B28A6EDAA00EF7A3A = {
						CreatedOnToolsVersion = 13.4.1;
					};
					DAB0575B28A6EDAD00EF7A3A = {
						CreatedOnToolsVersion = 13.4.1;
						TestTargetID = DAB0574B28A6EDAA00EF7A3A;
					};
					DAB0576528A6EDAD00EF7A3A = {
						CreatedOnToolsVersion = 13.4.1;
						TestTargetID = DAB0574B28A6EDAA00EF7A3A;
					};
				};
			};
			buildConfigurationList = DAB0574728A6EDAA00EF7A3A /* Build configuration list for PBXProject "JuiceMaker" */;
			compatibilityVersion = "Xcode 13.0";
			developmentRegion = en;
			hasScannedForEncodings = 0;
			knownRegions = (
				en,
				Base,
			);
			mainGroup = DAB0574328A6EDAA00EF7A3A;
			productRefGroup = DAB0574D28A6EDAA00EF7A3A /* Products */;
			projectDirPath = "";
			projectRoot = "";
			targets = (
				DAB0574B28A6EDAA00EF7A3A /* JuiceMaker */,
				DAB0575B28A6EDAD00EF7A3A /* JuiceMakerTests */,
				DAB0576528A6EDAD00EF7A3A /* JuiceMakerUITests */,
			);
		};
/* End PBXProject section */

/* Begin PBXResourcesBuildPhase section */
		DAB0574A28A6EDAA00EF7A3A /* Resources */ = {
			isa = PBXResourcesBuildPhase;
			buildActionMask = 2147483647;
			files = (
				DAB0575728A6EDAD00EF7A3A /* Preview Assets.xcassets in Resources */,
				DAB0578B28A82DB100EF7A3A /* BMJUA_otf.otf in Resources */,
				DAB0575428A6EDAD00EF7A3A /* Assets.xcassets in Resources */,
				DAB0578C28A82DB300EF7A3A /* TossFaceFontMac.ttf in Resources */,
			);
			runOnlyForDeploymentPostprocessing = 0;
		};
		DAB0575A28A6EDAD00EF7A3A /* Resources */ = {
			isa = PBXResourcesBuildPhase;
			buildActionMask = 2147483647;
			files = (
			);
			runOnlyForDeploymentPostprocessing = 0;
		};
		DAB0576428A6EDAD00EF7A3A /* Resources */ = {
			isa = PBXResourcesBuildPhase;
			buildActionMask = 2147483647;
			files = (
			);
			runOnlyForDeploymentPostprocessing = 0;
		};
/* End PBXResourcesBuildPhase section */

/* Begin PBXSourcesBuildPhase section */
		DAB0574828A6EDAA00EF7A3A /* Sources */ = {
			isa = PBXSourcesBuildPhase;
			buildActionMask = 2147483647;
			files = (
				DAB0577B28A6F26500EF7A3A /* Fruit.swift in Sources */,
				DAB0575228A6EDAA00EF7A3A /* ContentView.swift in Sources */,
				DAB0577D28A6F39A00EF7A3A /* Juice.swift in Sources */,
				DAB0578728A7071A00EF7A3A /* StorageViewModel.swift in Sources */,
				DAB0575028A6EDAA00EF7A3A /* JuiceMakerApp.swift in Sources */,
				DAB0578528A7066A00EF7A3A /* StorageView.swift in Sources */,
				DAB0577F28A6F5EF00EF7A3A /* Recipe.swift in Sources */,
				DAB0578328A705CB00EF7A3A /* CustomButtonStyle.swift in Sources */,
				DAB0578128A6F76900EF7A3A /* JuiceMaker.swift in Sources */,
			);
			runOnlyForDeploymentPostprocessing = 0;
		};
		DAB0575828A6EDAD00EF7A3A /* Sources */ = {
			isa = PBXSourcesBuildPhase;
			buildActionMask = 2147483647;
			files = (
				DAB0576128A6EDAD00EF7A3A /* JuiceMakerTests.swift in Sources */,
			);
			runOnlyForDeploymentPostprocessing = 0;
		};
		DAB0576228A6EDAD00EF7A3A /* Sources */ = {
			isa = PBXSourcesBuildPhase;
			buildActionMask = 2147483647;
			files = (
			);
			runOnlyForDeploymentPostprocessing = 0;
		};
/* End PBXSourcesBuildPhase section */

/* Begin PBXTargetDependency section */
		DAB0575E28A6EDAD00EF7A3A /* PBXTargetDependency */ = {
			isa = PBXTargetDependency;
			target = DAB0574B28A6EDAA00EF7A3A /* JuiceMaker */;
			targetProxy = DAB0575D28A6EDAD00EF7A3A /* PBXContainerItemProxy */;
		};
		DAB0576828A6EDAD00EF7A3A /* PBXTargetDependency */ = {
			isa = PBXTargetDependency;
			target = DAB0574B28A6EDAA00EF7A3A /* JuiceMaker */;
			targetProxy = DAB0576728A6EDAD00EF7A3A /* PBXContainerItemProxy */;
		};
/* End PBXTargetDependency section */

/* Begin XCBuildConfiguration section */
		DAB0576E28A6EDAD00EF7A3A /* Debug */ = {
			isa = XCBuildConfiguration;
			buildSettings = {
				ALWAYS_SEARCH_USER_PATHS = NO;
				CLANG_ANALYZER_NONNULL = YES;
				CLANG_ANALYZER_NUMBER_OBJECT_CONVERSION = YES_AGGRESSIVE;
				CLANG_CXX_LANGUAGE_STANDARD = "gnu++17";
				CLANG_ENABLE_MODULES = YES;
				CLANG_ENABLE_OBJC_ARC = YES;
				CLANG_ENABLE_OBJC_WEAK = YES;
				CLANG_WARN_BLOCK_CAPTURE_AUTORELEASING = YES;
				CLANG_WARN_BOOL_CONVERSION = YES;
				CLANG_WARN_COMMA = YES;
				CLANG_WARN_CONSTANT_CONVERSION = YES;
				CLANG_WARN_DEPRECATED_OBJC_IMPLEMENTATIONS = YES;
				CLANG_WARN_DIRECT_OBJC_ISA_USAGE = YES_ERROR;
				CLANG_WARN_DOCUMENTATION_COMMENTS = YES;
				CLANG_WARN_EMPTY_BODY = YES;
				CLANG_WARN_ENUM_CONVERSION = YES;
				CLANG_WARN_INFINITE_RECURSION = YES;
				CLANG_WARN_INT_CONVERSION = YES;
				CLANG_WARN_NON_LITERAL_NULL_CONVERSION = YES;
				CLANG_WARN_OBJC_IMPLICIT_RETAIN_SELF = YES;
				CLANG_WARN_OBJC_LITERAL_CONVERSION = YES;
				CLANG_WARN_OBJC_ROOT_CLASS = YES_ERROR;
				CLANG_WARN_QUOTED_INCLUDE_IN_FRAMEWORK_HEADER = YES;
				CLANG_WARN_RANGE_LOOP_ANALYSIS = YES;
				CLANG_WARN_STRICT_PROTOTYPES = YES;
				CLANG_WARN_SUSPICIOUS_MOVE = YES;
				CLANG_WARN_UNGUARDED_AVAILABILITY = YES_AGGRESSIVE;
				CLANG_WARN_UNREACHABLE_CODE = YES;
				CLANG_WARN__DUPLICATE_METHOD_MATCH = YES;
				COPY_PHASE_STRIP = NO;
				DEBUG_INFORMATION_FORMAT = dwarf;
				ENABLE_STRICT_OBJC_MSGSEND = YES;
				ENABLE_TESTABILITY = YES;
				GCC_C_LANGUAGE_STANDARD = gnu11;
				GCC_DYNAMIC_NO_PIC = NO;
				GCC_NO_COMMON_BLOCKS = YES;
				GCC_OPTIMIZATION_LEVEL = 0;
				GCC_PREPROCESSOR_DEFINITIONS = (
					"DEBUG=1",
					"$(inherited)",
				);
				GCC_WARN_64_TO_32_BIT_CONVERSION = YES;
				GCC_WARN_ABOUT_RETURN_TYPE = YES_ERROR;
				GCC_WARN_UNDECLARED_SELECTOR = YES;
				GCC_WARN_UNINITIALIZED_AUTOS = YES_AGGRESSIVE;
				GCC_WARN_UNUSED_FUNCTION = YES;
				GCC_WARN_UNUSED_VARIABLE = YES;
				IPHONEOS_DEPLOYMENT_TARGET = 15.5;
				MTL_ENABLE_DEBUG_INFO = INCLUDE_SOURCE;
				MTL_FAST_MATH = YES;
				ONLY_ACTIVE_ARCH = YES;
				SDKROOT = iphoneos;
				SWIFT_ACTIVE_COMPILATION_CONDITIONS = DEBUG;
				SWIFT_OPTIMIZATION_LEVEL = "-Onone";
			};
			name = Debug;
		};
		DAB0576F28A6EDAD00EF7A3A /* Release */ = {
			isa = XCBuildConfiguration;
			buildSettings = {
				ALWAYS_SEARCH_USER_PATHS = NO;
				CLANG_ANALYZER_NONNULL = YES;
				CLANG_ANALYZER_NUMBER_OBJECT_CONVERSION = YES_AGGRESSIVE;
				CLANG_CXX_LANGUAGE_STANDARD = "gnu++17";
				CLANG_ENABLE_MODULES = YES;
				CLANG_ENABLE_OBJC_ARC = YES;
				CLANG_ENABLE_OBJC_WEAK = YES;
				CLANG_WARN_BLOCK_CAPTURE_AUTORELEASING = YES;
				CLANG_WARN_BOOL_CONVERSION = YES;
				CLANG_WARN_COMMA = YES;
				CLANG_WARN_CONSTANT_CONVERSION = YES;
				CLANG_WARN_DEPRECATED_OBJC_IMPLEMENTATIONS = YES;
				CLANG_WARN_DIRECT_OBJC_ISA_USAGE = YES_ERROR;
				CLANG_WARN_DOCUMENTATION_COMMENTS = YES;
				CLANG_WARN_EMPTY_BODY = YES;
				CLANG_WARN_ENUM_CONVERSION = YES;
				CLANG_WARN_INFINITE_RECURSION = YES;
				CLANG_WARN_INT_CONVERSION = YES;
				CLANG_WARN_NON_LITERAL_NULL_CONVERSION = YES;
				CLANG_WARN_OBJC_IMPLICIT_RETAIN_SELF = YES;
				CLANG_WARN_OBJC_LITERAL_CONVERSION = YES;
				CLANG_WARN_OBJC_ROOT_CLASS = YES_ERROR;
				CLANG_WARN_QUOTED_INCLUDE_IN_FRAMEWORK_HEADER = YES;
				CLANG_WARN_RANGE_LOOP_ANALYSIS = YES;
				CLANG_WARN_STRICT_PROTOTYPES = YES;
				CLANG_WARN_SUSPICIOUS_MOVE = YES;
				CLANG_WARN_UNGUARDED_AVAILABILITY = YES_AGGRESSIVE;
				CLANG_WARN_UNREACHABLE_CODE = YES;
				CLANG_WARN__DUPLICATE_METHOD_MATCH = YES;
				COPY_PHASE_STRIP = NO;
				DEBUG_INFORMATION_FORMAT = "dwarf-with-dsym";
				ENABLE_NS_ASSERTIONS = NO;
				ENABLE_STRICT_OBJC_MSGSEND = YES;
				GCC_C_LANGUAGE_STANDARD = gnu11;
				GCC_NO_COMMON_BLOCKS = YES;
				GCC_WARN_64_TO_32_BIT_CONVERSION = YES;
				GCC_WARN_ABOUT_RETURN_TYPE = YES_ERROR;
				GCC_WARN_UNDECLARED_SELECTOR = YES;
				GCC_WARN_UNINITIALIZED_AUTOS = YES_AGGRESSIVE;
				GCC_WARN_UNUSED_FUNCTION = YES;
				GCC_WARN_UNUSED_VARIABLE = YES;
				IPHONEOS_DEPLOYMENT_TARGET = 15.5;
				MTL_ENABLE_DEBUG_INFO = NO;
				MTL_FAST_MATH = YES;
				SDKROOT = iphoneos;
				SWIFT_COMPILATION_MODE = wholemodule;
				SWIFT_OPTIMIZATION_LEVEL = "-O";
				VALIDATE_PRODUCT = YES;
			};
			name = Release;
		};
		DAB0577128A6EDAD00EF7A3A /* Debug */ = {
			isa = XCBuildConfiguration;
			buildSettings = {
				ASSETCATALOG_COMPILER_APPICON_NAME = AppIcon;
				ASSETCATALOG_COMPILER_GLOBAL_ACCENT_COLOR_NAME = AccentColor;
				CODE_SIGN_STYLE = Automatic;
				CURRENT_PROJECT_VERSION = 1;
				DEVELOPMENT_ASSET_PATHS = "\"JuiceMaker/Preview Content\"";
				ENABLE_PREVIEWS = YES;
				GENERATE_INFOPLIST_FILE = YES;
				INFOPLIST_KEY_UIApplicationSceneManifest_Generation = YES;
				INFOPLIST_KEY_UIApplicationSupportsIndirectInputEvents = YES;
				INFOPLIST_KEY_UILaunchScreen_Generation = YES;
				INFOPLIST_KEY_UISupportedInterfaceOrientations_iPad = "UIInterfaceOrientationPortrait UIInterfaceOrientationPortraitUpsideDown UIInterfaceOrientationLandscapeLeft UIInterfaceOrientationLandscapeRight";
				INFOPLIST_KEY_UISupportedInterfaceOrientations_iPhone = "UIInterfaceOrientationPortrait UIInterfaceOrientationLandscapeLeft UIInterfaceOrientationLandscapeRight";
				LD_RUNPATH_SEARCH_PATHS = (
					"$(inherited)",
					"@executable_path/Frameworks",
				);
				MARKETING_VERSION = 1.0;
				PRODUCT_BUNDLE_IDENTIFIER = net.cherrishRed.JuiceMaker;
				PRODUCT_NAME = "$(TARGET_NAME)";
				SWIFT_EMIT_LOC_STRINGS = YES;
				SWIFT_VERSION = 5.0;
				TARGETED_DEVICE_FAMILY = "1,2";
			};
			name = Debug;
		};
		DAB0577228A6EDAD00EF7A3A /* Release */ = {
			isa = XCBuildConfiguration;
			buildSettings = {
				ASSETCATALOG_COMPILER_APPICON_NAME = AppIcon;
				ASSETCATALOG_COMPILER_GLOBAL_ACCENT_COLOR_NAME = AccentColor;
				CODE_SIGN_STYLE = Automatic;
				CURRENT_PROJECT_VERSION = 1;
				DEVELOPMENT_ASSET_PATHS = "\"JuiceMaker/Preview Content\"";
				ENABLE_PREVIEWS = YES;
				GENERATE_INFOPLIST_FILE = YES;
				INFOPLIST_KEY_UIApplicationSceneManifest_Generation = YES;
				INFOPLIST_KEY_UIApplicationSupportsIndirectInputEvents = YES;
				INFOPLIST_KEY_UILaunchScreen_Generation = YES;
				INFOPLIST_KEY_UISupportedInterfaceOrientations_iPad = "UIInterfaceOrientationPortrait UIInterfaceOrientationPortraitUpsideDown UIInterfaceOrientationLandscapeLeft UIInterfaceOrientationLandscapeRight";
				INFOPLIST_KEY_UISupportedInterfaceOrientations_iPhone = "UIInterfaceOrientationPortrait UIInterfaceOrientationLandscapeLeft UIInterfaceOrientationLandscapeRight";
				LD_RUNPATH_SEARCH_PATHS = (
					"$(inherited)",
					"@executable_path/Frameworks",
				);
				MARKETING_VERSION = 1.0;
				PRODUCT_BUNDLE_IDENTIFIER = net.cherrishRed.JuiceMaker;
				PRODUCT_NAME = "$(TARGET_NAME)";
				SWIFT_EMIT_LOC_STRINGS = YES;
				SWIFT_VERSION = 5.0;
				TARGETED_DEVICE_FAMILY = "1,2";
			};
			name = Release;
		};
		DAB0577428A6EDAD00EF7A3A /* Debug */ = {
			isa = XCBuildConfiguration;
			buildSettings = {
				ALWAYS_EMBED_SWIFT_STANDARD_LIBRARIES = YES;
				BUNDLE_LOADER = "$(TEST_HOST)";
				CODE_SIGN_STYLE = Automatic;
				CURRENT_PROJECT_VERSION = 1;
				GENERATE_INFOPLIST_FILE = YES;
				IPHONEOS_DEPLOYMENT_TARGET = 15.5;
				MARKETING_VERSION = 1.0;
				PRODUCT_BUNDLE_IDENTIFIER = net.cherrishRed.JuiceMakerTests;
				PRODUCT_NAME = "$(TARGET_NAME)";
				SWIFT_EMIT_LOC_STRINGS = NO;
				SWIFT_VERSION = 5.0;
				TARGETED_DEVICE_FAMILY = "1,2";
				TEST_HOST = "$(BUILT_PRODUCTS_DIR)/JuiceMaker.app/JuiceMaker";
			};
			name = Debug;
		};
		DAB0577528A6EDAD00EF7A3A /* Release */ = {
			isa = XCBuildConfiguration;
			buildSettings = {
				ALWAYS_EMBED_SWIFT_STANDARD_LIBRARIES = YES;
				BUNDLE_LOADER = "$(TEST_HOST)";
				CODE_SIGN_STYLE = Automatic;
				CURRENT_PROJECT_VERSION = 1;
				GENERATE_INFOPLIST_FILE = YES;
				IPHONEOS_DEPLOYMENT_TARGET = 15.5;
				MARKETING_VERSION = 1.0;
				PRODUCT_BUNDLE_IDENTIFIER = net.cherrishRed.JuiceMakerTests;
				PRODUCT_NAME = "$(TARGET_NAME)";
				SWIFT_EMIT_LOC_STRINGS = NO;
				SWIFT_VERSION = 5.0;
				TARGETED_DEVICE_FAMILY = "1,2";
				TEST_HOST = "$(BUILT_PRODUCTS_DIR)/JuiceMaker.app/JuiceMaker";
			};
			name = Release;
		};
		DAB0577728A6EDAD00EF7A3A /* Debug */ = {
			isa = XCBuildConfiguration;
			buildSettings = {
				ALWAYS_EMBED_SWIFT_STANDARD_LIBRARIES = YES;
				CODE_SIGN_STYLE = Automatic;
				CURRENT_PROJECT_VERSION = 1;
				GENERATE_INFOPLIST_FILE = YES;
				MARKETING_VERSION = 1.0;
				PRODUCT_BUNDLE_IDENTIFIER = net.cherrishRed.JuiceMakerUITests;
				PRODUCT_NAME = "$(TARGET_NAME)";
				SWIFT_EMIT_LOC_STRINGS = NO;
				SWIFT_VERSION = 5.0;
				TARGETED_DEVICE_FAMILY = "1,2";
				TEST_TARGET_NAME = JuiceMaker;
			};
			name = Debug;
		};
		DAB0577828A6EDAD00EF7A3A /* Release */ = {
			isa = XCBuildConfiguration;
			buildSettings = {
				ALWAYS_EMBED_SWIFT_STANDARD_LIBRARIES = YES;
				CODE_SIGN_STYLE = Automatic;
				CURRENT_PROJECT_VERSION = 1;
				GENERATE_INFOPLIST_FILE = YES;
				MARKETING_VERSION = 1.0;
				PRODUCT_BUNDLE_IDENTIFIER = net.cherrishRed.JuiceMakerUITests;
				PRODUCT_NAME = "$(TARGET_NAME)";
				SWIFT_EMIT_LOC_STRINGS = NO;
				SWIFT_VERSION = 5.0;
				TARGETED_DEVICE_FAMILY = "1,2";
				TEST_TARGET_NAME = JuiceMaker;
			};
			name = Release;
		};
/* End XCBuildConfiguration section */

/* Begin XCConfigurationList section */
		DAB0574728A6EDAA00EF7A3A /* Build configuration list for PBXProject "JuiceMaker" */ = {
			isa = XCConfigurationList;
			buildConfigurations = (
				DAB0576E28A6EDAD00EF7A3A /* Debug */,
				DAB0576F28A6EDAD00EF7A3A /* Release */,
			);
			defaultConfigurationIsVisible = 0;
			defaultConfigurationName = Release;
		};
		DAB0577028A6EDAD00EF7A3A /* Build configuration list for PBXNativeTarget "JuiceMaker" */ = {
			isa = XCConfigurationList;
			buildConfigurations = (
				DAB0577128A6EDAD00EF7A3A /* Debug */,
				DAB0577228A6EDAD00EF7A3A /* Release */,
			);
			defaultConfigurationIsVisible = 0;
			defaultConfigurationName = Release;
		};
		DAB0577328A6EDAD00EF7A3A /* Build configuration list for PBXNativeTarget "JuiceMakerTests" */ = {
			isa = XCConfigurationList;
			buildConfigurations = (
				DAB0577428A6EDAD00EF7A3A /* Debug */,
				DAB0577528A6EDAD00EF7A3A /* Release */,
			);
			defaultConfigurationIsVisible = 0;
			defaultConfigurationName = Release;
		};
		DAB0577628A6EDAD00EF7A3A /* Build configuration list for PBXNativeTarget "JuiceMakerUITests" */ = {
			isa = XCConfigurationList;
			buildConfigurations = (
				DAB0577728A6EDAD00EF7A3A /* Debug */,
				DAB0577828A6EDAD00EF7A3A /* Release */,
			);
			defaultConfigurationIsVisible = 0;
			defaultConfigurationName = Release;
		};
/* End XCConfigurationList section */
	};
	rootObject = DAB0574428A6EDAA00EF7A3A /* Project object */;
}
